
Microsoft Visual Studio Solution File, Format Version 12.00
# Visual Studio 15
VisualStudioVersion = 15.0.26730.15
MinimumVisualStudioVersion = 10.0.40219.1
Project("{FAE04EC0-301F-11D3-BF4B-00C04F79EFBC}") = "MonoGame", "MonoGame\MonoGame.csproj", "{C4626CF2-58E2-41F5-98F1-3B98075B6757}"
EndProject
Project("{FAE04EC0-301F-11D3-BF4B-00C04F79EFBC}") = "App", "WindowsApp\App.csproj", "{D7EE9898-A24D-4308-9BCC-F958343C4E03}"
EndProject
Global
	GlobalSection(SolutionConfigurationPlatforms) = preSolution
		Debug|ARM = Debug|ARM
		Debug|x64 = Debug|x64
		Debug|x86 = Debug|x86
		Release|ARM = Release|ARM
		Release|x64 = Release|x64
		Release|x86 = Release|x86
	EndGlobalSection
	GlobalSection(ProjectConfigurationPlatforms) = postSolution
		{C4626CF2-58E2-41F5-98F1-3B98075B6757}.Debug|ARM.ActiveCfg = Debug|x86
		{C4626CF2-58E2-41F5-98F1-3B98075B6757}.Debug|x64.ActiveCfg = Debug|x86
		{C4626CF2-58E2-41F5-98F1-3B98075B6757}.Debug|x86.ActiveCfg = Debug|x86
		{C4626CF2-58E2-41F5-98F1-3B98075B6757}.Debug|x86.Build.0 = Debug|x86
		{C4626CF2-58E2-41F5-98F1-3B98075B6757}.Release|ARM.ActiveCfg = Release|x86
		{C4626CF2-58E2-41F5-98F1-3B98075B6757}.Release|x64.ActiveCfg = Release|x86
		{C4626CF2-58E2-41F5-98F1-3B98075B6757}.Release|x86.ActiveCfg = Release|x86
		{C4626CF2-58E2-41F5-98F1-3B98075B6757}.Release|x86.Build.0 = Release|x86
		{D7EE9898-A24D-4308-9BCC-F958343C4E03}.Debug|ARM.ActiveCfg = Debug|ARM
		{D7EE9898-A24D-4308-9BCC-F958343C4E03}.Debug|ARM.Build.0 = Debug|ARM
		{D7EE9898-A24D-4308-9BCC-F958343C4E03}.Debug|ARM.Deploy.0 = Debug|ARM
		{D7EE9898-A24D-4308-9BCC-F958343C4E03}.Debug|x64.ActiveCfg = Debug|x64
		{D7EE9898-A24D-4308-9BCC-F958343C4E03}.Debug|x64.Build.0 = Debug|x64
		{D7EE9898-A24D-4308-9BCC-F958343C4E03}.Debug|x64.Deploy.0 = Debug|x64
		{D7EE9898-A24D-4308-9BCC-F958343C4E03}.Debug|x86.ActiveCfg = Debug|x86
		{D7EE9898-A24D-4308-9BCC-F958343C4E03}.Debug|x86.Build.0 = Debug|x86
		{D7EE9898-A24D-4308-9BCC-F958343C4E03}.Debug|x86.Deploy.0 = Debug|x86
		{D7EE9898-A24D-4308-9BCC-F958343C4E03}.Release|ARM.ActiveCfg = Release|ARM
		{D7EE9898-A24D-4308-9BCC-F958343C4E03}.Release|ARM.Build.0 = Release|ARM
		{D7EE9898-A24D-4308-9BCC-F958343C4E03}.Release|ARM.Deploy.0 = Release|ARM
		{D7EE9898-A24D-4308-9BCC-F958343C4E03}.Release|x64.ActiveCfg = Release|x64
		{D7EE9898-A24D-4308-9BCC-F958343C4E03}.Release|x64.Build.0 = Release|x64
		{D7EE9898-A24D-4308-9BCC-F958343C4E03}.Release|x64.Deploy.0 = Release|x64
		{D7EE9898-A24D-4308-9BCC-F958343C4E03}.Release|x86.ActiveCfg = Release|x86
		{D7EE9898-A24D-4308-9BCC-F958343C4E03}.Release|x86.Build.0 = Release|x86
		{D7EE9898-A24D-4308-9BCC-F958343C4E03}.Release|x86.Deploy.0 = Release|x86
	EndGlobalSection
	GlobalSection(SolutionProperties) = preSolution
		HideSolutionNode = FALSE
	EndGlobalSection
	GlobalSection(ExtensibilityGlobals) = postSolution
		SolutionGuid = {24630402-6B89-448A-99A9-08CB4D959D7C}
	EndGlobalSection
EndGlobal
